{
    "version": 3,
    "terraform_version": "0.11.4",
    "serial": 15,
    "lineage": "389aeeaa-0367-483e-bbc6-e4863edcbb9b",
    "modules": [
        {
            "path": [
                "root"
            ],
            "outputs": {
                "publicip": {
                    "sensitive": false,
                    "type": "string",
                    "value": "8.43.86.110"
                }
            },
            "resources": {
                "openstack_compute_floatingip_associate_v2.rproxyip": {
                    "type": "openstack_compute_floatingip_associate_v2",
                    "depends_on": [
                        "openstack_compute_instance_v2.rproxy",
                        "openstack_networking_floatingip_v2.publicip"
                    ],
                    "primary": {
                        "id": "8.43.86.110/dbc60e05-0aaa-4d51-a2b7-46a691c340a1/",
                        "attributes": {
                            "fixed_ip": "",
                            "floating_ip": "8.43.86.110",
                            "id": "8.43.86.110/dbc60e05-0aaa-4d51-a2b7-46a691c340a1/",
                            "instance_id": "dbc60e05-0aaa-4d51-a2b7-46a691c340a1",
                            "region": "RegionOne"
                        },
                        "meta": {},
                        "tainted": false
                    },
                    "deposed": [],
                    "provider": "provider.openstack"
                },
                "openstack_compute_instance_v2.rproxy": {
                    "type": "openstack_compute_instance_v2",
                    "depends_on": [],
                    "primary": {
                        "id": "dbc60e05-0aaa-4d51-a2b7-46a691c340a1",
                        "attributes": {
                            "access_ip_v4": "10.10.10.5",
                            "access_ip_v6": "",
                            "all_metadata.%": "0",
                            "availability_zone": "nova",
                            "flavor_id": "2",
                            "flavor_name": "m1.small",
                            "force_delete": "false",
                            "id": "dbc60e05-0aaa-4d51-a2b7-46a691c340a1",
                            "image_id": "76f5f4aa-a78f-4703-b738-cab967957431",
                            "image_name": "Ubuntu16.04",
                            "key_pair": "snsakala",
                            "name": "rproxy",
                            "network.#": "1",
                            "network.0.access_network": "false",
                            "network.0.fixed_ip_v4": "10.10.10.5",
                            "network.0.fixed_ip_v6": "",
                            "network.0.floating_ip": "",
                            "network.0.mac": "fa:16:3e:66:0d:18",
                            "network.0.name": "internal",
                            "network.0.port": "",
                            "network.0.uuid": "3cbf7899-4048-4e89-9ae6-48dbcc4b64da",
                            "region": "RegionOne",
                            "security_groups.#": "1",
                            "security_groups.2282622326": "admin",
                            "stop_before_destroy": "false",
                            "user_data": "9cfe0246efb9386f9aaea2848f18674bffa5a227"
                        },
                        "meta": {
                            "e2bfb730-ecaa-11e6-8f88-34363bc7c4c0": {
                                "create": 1800000000000,
                                "delete": 1800000000000,
                                "update": 1800000000000
                            }
                        },
                        "tainted": false
                    },
                    "deposed": [],
                    "provider": "provider.openstack"
                },
                "openstack_compute_keypair_v2.snsakala": {
                    "type": "openstack_compute_keypair_v2",
                    "depends_on": [],
                    "primary": {
                        "id": "snsakala",
                        "attributes": {
                            "fingerprint": "dd:40:b0:58:03:52:9a:5c:ba:98:66:8f:8b:87:e2:fa",
                            "id": "snsakala",
                            "name": "snsakala",
                            "private_key": "",
                            "public_key": "ssh-rsa AAAAB3NzaC1yc2EAAAABJQAAAIBlF377o8DpYop4x9kDhFJ4lpHnzDpOUtKtI4QI5OTmvWX3cld0ga2N2opQUCGJuUbRWaVyhLKOBobJ5yfUc3wP1l9F5IAylDH2EDRKGiohA2vbK37k7Tv6kiQs/IfZ2DL11uYqHjfc72efak88NYzYi3Z3Jj+65EfnDFmTMB+Yow== Stephane Nsakala",
                            "region": "RegionOne"
                        },
                        "meta": {},
                        "tainted": false
                    },
                    "deposed": [],
                    "provider": "provider.openstack"
                },
                "openstack_networking_floatingip_v2.publicip": {
                    "type": "openstack_networking_floatingip_v2",
                    "depends_on": [],
                    "primary": {
                        "id": "59d9842d-0509-4458-9c9a-5a8c31308d24",
                        "attributes": {
                            "address": "8.43.86.110",
                            "fixed_ip": "",
                            "id": "59d9842d-0509-4458-9c9a-5a8c31308d24",
                            "pool": "public",
                            "port_id": "",
                            "region": "RegionOne",
                            "tenant_id": "e4bc31fd8e804b358f4734eef25b3110"
                        },
                        "meta": {
                            "e2bfb730-ecaa-11e6-8f88-34363bc7c4c0": {
                                "create": 600000000000,
                                "delete": 600000000000
                            }
                        },
                        "tainted": false
                    },
                    "deposed": [],
                    "provider": "provider.openstack"
                },
                "openstack_networking_network_v2.internal": {
                    "type": "openstack_networking_network_v2",
                    "depends_on": [],
                    "primary": {
                        "id": "3cbf7899-4048-4e89-9ae6-48dbcc4b64da",
                        "attributes": {
                            "admin_state_up": "true",
                            "availability_zone_hints.#": "0",
                            "id": "3cbf7899-4048-4e89-9ae6-48dbcc4b64da",
                            "name": "internal",
                            "region": "RegionOne",
                            "shared": "false",
                            "tenant_id": "e4bc31fd8e804b358f4734eef25b3110"
                        },
                        "meta": {
                            "e2bfb730-ecaa-11e6-8f88-34363bc7c4c0": {
                                "create": 600000000000,
                                "delete": 600000000000
                            }
                        },
                        "tainted": false
                    },
                    "deposed": [],
                    "provider": "provider.openstack"
                },
                "openstack_networking_router_interface_v2.router_internal": {
                    "type": "openstack_networking_router_interface_v2",
                    "depends_on": [
                        "openstack_networking_router_v2.router",
                        "openstack_networking_subnet_v2.admin"
                    ],
                    "primary": {
                        "id": "42435799-f4b6-475d-8f22-bc7f198d3160",
                        "attributes": {
                            "id": "42435799-f4b6-475d-8f22-bc7f198d3160",
                            "port_id": "42435799-f4b6-475d-8f22-bc7f198d3160",
                            "region": "RegionOne",
                            "router_id": "bdc9da22-5343-4f25-9a3b-1c8b2634735b",
                            "subnet_id": "8c4e5fcc-beb4-4ef9-9605-ba7f69633e05"
                        },
                        "meta": {
                            "e2bfb730-ecaa-11e6-8f88-34363bc7c4c0": {
                                "create": 600000000000,
                                "delete": 600000000000
                            }
                        },
                        "tainted": false
                    },
                    "deposed": [],
                    "provider": "provider.openstack"
                },
                "openstack_networking_router_v2.router": {
                    "type": "openstack_networking_router_v2",
                    "depends_on": [],
                    "primary": {
                        "id": "bdc9da22-5343-4f25-9a3b-1c8b2634735b",
                        "attributes": {
                            "admin_state_up": "true",
                            "availability_zone_hints.#": "0",
                            "distributed": "false",
                            "enable_snat": "true",
                            "external_fixed_ip.#": "1",
                            "external_fixed_ip.0.ip_address": "8.43.86.109",
                            "external_fixed_ip.0.subnet_id": "7913ade1-01e3-44fa-9863-91867c0d23ab",
                            "external_gateway": "1fd0a21e-e700-46ae-9f05-0b3164daafcc",
                            "external_network_id": "1fd0a21e-e700-46ae-9f05-0b3164daafcc",
                            "id": "bdc9da22-5343-4f25-9a3b-1c8b2634735b",
                            "name": "router",
                            "region": "RegionOne",
                            "tenant_id": "e4bc31fd8e804b358f4734eef25b3110"
                        },
                        "meta": {
                            "e2bfb730-ecaa-11e6-8f88-34363bc7c4c0": {
                                "create": 600000000000,
                                "delete": 600000000000
                            }
                        },
                        "tainted": false
                    },
                    "deposed": [],
                    "provider": "provider.openstack"
                },
                "openstack_networking_secgroup_rule_v2.ping": {
                    "type": "openstack_networking_secgroup_rule_v2",
                    "depends_on": [
                        "openstack_networking_secgroup_v2.admin"
                    ],
                    "primary": {
                        "id": "2f34afc7-7f5c-4a21-a288-a9033c2a87a9",
                        "attributes": {
                            "direction": "ingress",
                            "ethertype": "IPv4",
                            "id": "2f34afc7-7f5c-4a21-a288-a9033c2a87a9",
                            "port_range_max": "0",
                            "port_range_min": "0",
                            "protocol": "icmp",
                            "region": "RegionOne",
                            "remote_group_id": "",
                            "remote_ip_prefix": "0.0.0.0/0",
                            "security_group_id": "2268c690-8c80-4a38-afba-ac0482699e4a",
                            "tenant_id": "e4bc31fd8e804b358f4734eef25b3110"
                        },
                        "meta": {
                            "e2bfb730-ecaa-11e6-8f88-34363bc7c4c0": {
                                "delete": 600000000000
                            }
                        },
                        "tainted": false
                    },
                    "deposed": [],
                    "provider": "provider.openstack"
                },
                "openstack_networking_secgroup_rule_v2.ssh": {
                    "type": "openstack_networking_secgroup_rule_v2",
                    "depends_on": [
                        "openstack_networking_secgroup_v2.admin"
                    ],
                    "primary": {
                        "id": "5d464a89-e44d-4169-a121-6a5b5419f491",
                        "attributes": {
                            "direction": "ingress",
                            "ethertype": "IPv4",
                            "id": "5d464a89-e44d-4169-a121-6a5b5419f491",
                            "port_range_max": "22",
                            "port_range_min": "22",
                            "protocol": "tcp",
                            "region": "RegionOne",
                            "remote_group_id": "",
                            "remote_ip_prefix": "0.0.0.0/0",
                            "security_group_id": "2268c690-8c80-4a38-afba-ac0482699e4a",
                            "tenant_id": "e4bc31fd8e804b358f4734eef25b3110"
                        },
                        "meta": {
                            "e2bfb730-ecaa-11e6-8f88-34363bc7c4c0": {
                                "delete": 600000000000
                            }
                        },
                        "tainted": false
                    },
                    "deposed": [],
                    "provider": "provider.openstack"
                },
                "openstack_networking_secgroup_v2.admin": {
                    "type": "openstack_networking_secgroup_v2",
                    "depends_on": [],
                    "primary": {
                        "id": "2268c690-8c80-4a38-afba-ac0482699e4a",
                        "attributes": {
                            "description": "",
                            "id": "2268c690-8c80-4a38-afba-ac0482699e4a",
                            "name": "admin",
                            "region": "RegionOne",
                            "tenant_id": "e4bc31fd8e804b358f4734eef25b3110"
                        },
                        "meta": {
                            "e2bfb730-ecaa-11e6-8f88-34363bc7c4c0": {
                                "delete": 600000000000
                            }
                        },
                        "tainted": false
                    },
                    "deposed": [],
                    "provider": "provider.openstack"
                },
                "openstack_networking_subnet_v2.admin": {
                    "type": "openstack_networking_subnet_v2",
                    "depends_on": [
                        "openstack_networking_network_v2.internal"
                    ],
                    "primary": {
                        "id": "8c4e5fcc-beb4-4ef9-9605-ba7f69633e05",
                        "attributes": {
                            "allocation_pools.#": "1",
                            "allocation_pools.0.end": "10.10.10.254",
                            "allocation_pools.0.start": "10.10.10.2",
                            "cidr": "10.10.10.0/24",
                            "dns_nameservers.#": "1",
                            "dns_nameservers.0": "8.8.8.8",
                            "enable_dhcp": "true",
                            "gateway_ip": "10.10.10.1",
                            "host_routes.#": "0",
                            "id": "8c4e5fcc-beb4-4ef9-9605-ba7f69633e05",
                            "ip_version": "4",
                            "ipv6_address_mode": "",
                            "ipv6_ra_mode": "",
                            "name": "admin",
                            "network_id": "3cbf7899-4048-4e89-9ae6-48dbcc4b64da",
                            "no_gateway": "false",
                            "region": "RegionOne",
                            "subnetpool_id": "",
                            "tenant_id": "e4bc31fd8e804b358f4734eef25b3110"
                        },
                        "meta": {
                            "e2bfb730-ecaa-11e6-8f88-34363bc7c4c0": {
                                "create": 600000000000,
                                "delete": 600000000000
                            }
                        },
                        "tainted": false
                    },
                    "deposed": [],
                    "provider": "provider.openstack"
                }
            },
            "depends_on": []
        }
    ]
}
