{
    "version": 3,
    "terraform_version": "0.11.4",
    "serial": 5,
    "lineage": "389aeeaa-0367-483e-bbc6-e4863edcbb9b",
    "modules": [
        {
            "path": [
                "root"
            ],
            "outputs": {},
            "resources": {
                "openstack_compute_keypair_v2.snsakala": {
                    "type": "openstack_compute_keypair_v2",
                    "depends_on": [],
                    "primary": {
                        "id": "snsakala",
                        "attributes": {
                            "fingerprint": "dd:40:b0:58:03:52:9a:5c:ba:98:66:8f:8b:87:e2:fa",
                            "id": "snsakala",
                            "name": "snsakala",
                            "private_key": "",
                            "public_key": "ssh-rsa AAAAB3NzaC1yc2EAAAABJQAAAIBlF377o8DpYop4x9kDhFJ4lpHnzDpOUtKtI4QI5OTmvWX3cld0ga2N2opQUCGJuUbRWaVyhLKOBobJ5yfUc3wP1l9F5IAylDH2EDRKGiohA2vbK37k7Tv6kiQs/IfZ2DL11uYqHjfc72efak88NYzYi3Z3Jj+65EfnDFmTMB+Yow== Stephane Nsakala",
                            "region": "RegionOne"
                        },
                        "meta": {},
                        "tainted": false
                    },
                    "deposed": [],
                    "provider": "provider.openstack"
                },
                "openstack_networking_router_v2.router": {
                    "type": "openstack_networking_router_v2",
                    "depends_on": [],
                    "primary": {
                        "id": "d87ec452-5c47-4684-a73d-7878930bdca8",
                        "attributes": {
                            "admin_state_up": "true",
                            "availability_zone_hints.#": "0",
                            "distributed": "false",
                            "enable_snat": "true",
                            "external_fixed_ip.#": "1",
                            "external_fixed_ip.0.ip_address": "8.43.86.215",
                            "external_fixed_ip.0.subnet_id": "7913ade1-01e3-44fa-9863-91867c0d23ab",
                            "external_gateway": "1fd0a21e-e700-46ae-9f05-0b3164daafcc",
                            "external_network_id": "1fd0a21e-e700-46ae-9f05-0b3164daafcc",
                            "id": "d87ec452-5c47-4684-a73d-7878930bdca8",
                            "name": "router",
                            "region": "RegionOne",
                            "tenant_id": "e4bc31fd8e804b358f4734eef25b3110"
                        },
                        "meta": {},
                        "tainted": false
                    },
                    "deposed": [],
                    "provider": "provider.openstack"
                },
                "openstack_networking_secgroup_rule_v2.ping": {
                    "type": "openstack_networking_secgroup_rule_v2",
                    "depends_on": [
                        "openstack_networking_secgroup_v2.admin"
                    ],
                    "primary": {
                        "id": "96ba1e1c-f8f4-4f40-96b7-c8b31d8481e0",
                        "attributes": {
                            "direction": "ingress",
                            "ethertype": "IPv4",
                            "id": "96ba1e1c-f8f4-4f40-96b7-c8b31d8481e0",
                            "port_range_max": "0",
                            "port_range_min": "0",
                            "protocol": "icmp",
                            "region": "RegionOne",
                            "remote_group_id": "",
                            "remote_ip_prefix": "0.0.0.0/0",
                            "security_group_id": "4e74ccb2-435e-4f28-aa86-e43237831ad6",
                            "tenant_id": "e4bc31fd8e804b358f4734eef25b3110"
                        },
                        "meta": {
                            "e2bfb730-ecaa-11e6-8f88-34363bc7c4c0": {
                                "delete": 600000000000
                            }
                        },
                        "tainted": false
                    },
                    "deposed": [],
                    "provider": "provider.openstack"
                },
                "openstack_networking_secgroup_rule_v2.ssh": {
                    "type": "openstack_networking_secgroup_rule_v2",
                    "depends_on": [
                        "openstack_networking_secgroup_v2.admin"
                    ],
                    "primary": {
                        "id": "11c695c0-6cdb-47e9-9457-dac5efbae903",
                        "attributes": {
                            "direction": "ingress",
                            "ethertype": "IPv4",
                            "id": "11c695c0-6cdb-47e9-9457-dac5efbae903",
                            "port_range_max": "22",
                            "port_range_min": "22",
                            "protocol": "tcp",
                            "region": "RegionOne",
                            "remote_group_id": "",
                            "remote_ip_prefix": "0.0.0.0/0",
                            "security_group_id": "4e74ccb2-435e-4f28-aa86-e43237831ad6",
                            "tenant_id": "e4bc31fd8e804b358f4734eef25b3110"
                        },
                        "meta": {
                            "e2bfb730-ecaa-11e6-8f88-34363bc7c4c0": {
                                "delete": 600000000000
                            }
                        },
                        "tainted": false
                    },
                    "deposed": [],
                    "provider": "provider.openstack"
                },
                "openstack_networking_secgroup_v2.admin": {
                    "type": "openstack_networking_secgroup_v2",
                    "depends_on": [],
                    "primary": {
                        "id": "4e74ccb2-435e-4f28-aa86-e43237831ad6",
                        "attributes": {
                            "description": "",
                            "id": "4e74ccb2-435e-4f28-aa86-e43237831ad6",
                            "name": "admin",
                            "region": "RegionOne",
                            "tenant_id": "e4bc31fd8e804b358f4734eef25b3110"
                        },
                        "meta": {
                            "e2bfb730-ecaa-11e6-8f88-34363bc7c4c0": {
                                "delete": 600000000000
                            }
                        },
                        "tainted": false
                    },
                    "deposed": [],
                    "provider": "provider.openstack"
                }
            },
            "depends_on": []
        }
    ]
}
