{
    "version": 3,
    "terraform_version": "0.11.4",
    "serial": 12,
    "lineage": "389aeeaa-0367-483e-bbc6-e4863edcbb9b",
    "modules": [
        {
            "path": [
                "root"
            ],
            "outputs": {},
            "resources": {
                "openstack_compute_floatingip_associate_v2.rproxyip": {
                    "type": "openstack_compute_floatingip_associate_v2",
                    "depends_on": [
                        "openstack_compute_instance_v2.rproxy",
                        "openstack_networking_floatingip_v2.publicip"
                    ],
                    "primary": {
                        "id": "8.43.87.99/7140f838-737e-4d97-b14d-565e75b77b1e/",
                        "attributes": {
                            "fixed_ip": "",
                            "floating_ip": "8.43.87.99",
                            "id": "8.43.87.99/7140f838-737e-4d97-b14d-565e75b77b1e/",
                            "instance_id": "7140f838-737e-4d97-b14d-565e75b77b1e",
                            "region": "RegionOne"
                        },
                        "meta": {},
                        "tainted": false
                    },
                    "deposed": [],
                    "provider": "provider.openstack"
                },
                "openstack_compute_instance_v2.rproxy": {
                    "type": "openstack_compute_instance_v2",
                    "depends_on": [],
                    "primary": {
                        "id": "7140f838-737e-4d97-b14d-565e75b77b1e",
                        "attributes": {
                            "access_ip_v4": "10.10.10.5",
                            "access_ip_v6": "",
                            "all_metadata.%": "0",
                            "availability_zone": "nova",
                            "flavor_id": "2",
                            "flavor_name": "m1.small",
                            "force_delete": "false",
                            "id": "7140f838-737e-4d97-b14d-565e75b77b1e",
                            "image_id": "76f5f4aa-a78f-4703-b738-cab967957431",
                            "image_name": "Ubuntu16.04",
                            "key_pair": "snsakala",
                            "name": "rproxy",
                            "network.#": "1",
                            "network.0.access_network": "false",
                            "network.0.fixed_ip_v4": "10.10.10.5",
                            "network.0.fixed_ip_v6": "",
                            "network.0.floating_ip": "",
                            "network.0.mac": "fa:16:3e:a4:e0:4b",
                            "network.0.name": "internal",
                            "network.0.port": "",
                            "network.0.uuid": "96267948-a297-44d9-a161-39dc1eb2f487",
                            "region": "RegionOne",
                            "security_groups.#": "1",
                            "security_groups.2282622326": "admin",
                            "stop_before_destroy": "false"
                        },
                        "meta": {
                            "e2bfb730-ecaa-11e6-8f88-34363bc7c4c0": {
                                "create": 1800000000000,
                                "delete": 1800000000000,
                                "update": 1800000000000
                            }
                        },
                        "tainted": false
                    },
                    "deposed": [],
                    "provider": "provider.openstack"
                },
                "openstack_compute_keypair_v2.snsakala": {
                    "type": "openstack_compute_keypair_v2",
                    "depends_on": [],
                    "primary": {
                        "id": "snsakala",
                        "attributes": {
                            "fingerprint": "dd:40:b0:58:03:52:9a:5c:ba:98:66:8f:8b:87:e2:fa",
                            "id": "snsakala",
                            "name": "snsakala",
                            "private_key": "",
                            "public_key": "ssh-rsa AAAAB3NzaC1yc2EAAAABJQAAAIBlF377o8DpYop4x9kDhFJ4lpHnzDpOUtKtI4QI5OTmvWX3cld0ga2N2opQUCGJuUbRWaVyhLKOBobJ5yfUc3wP1l9F5IAylDH2EDRKGiohA2vbK37k7Tv6kiQs/IfZ2DL11uYqHjfc72efak88NYzYi3Z3Jj+65EfnDFmTMB+Yow== Stephane Nsakala",
                            "region": "RegionOne"
                        },
                        "meta": {},
                        "tainted": false
                    },
                    "deposed": [],
                    "provider": "provider.openstack"
                },
                "openstack_networking_floatingip_v2.publicip": {
                    "type": "openstack_networking_floatingip_v2",
                    "depends_on": [],
                    "primary": {
                        "id": "f7eebb5f-a4c3-4966-8470-50b60b0d84aa",
                        "attributes": {
                            "address": "8.43.87.99",
                            "fixed_ip": "",
                            "id": "f7eebb5f-a4c3-4966-8470-50b60b0d84aa",
                            "pool": "public",
                            "port_id": "",
                            "region": "RegionOne",
                            "tenant_id": "e4bc31fd8e804b358f4734eef25b3110"
                        },
                        "meta": {
                            "e2bfb730-ecaa-11e6-8f88-34363bc7c4c0": {
                                "create": 600000000000,
                                "delete": 600000000000
                            }
                        },
                        "tainted": false
                    },
                    "deposed": [],
                    "provider": "provider.openstack"
                },
                "openstack_networking_network_v2.internal": {
                    "type": "openstack_networking_network_v2",
                    "depends_on": [],
                    "primary": {
                        "id": "96267948-a297-44d9-a161-39dc1eb2f487",
                        "attributes": {
                            "admin_state_up": "true",
                            "availability_zone_hints.#": "0",
                            "id": "96267948-a297-44d9-a161-39dc1eb2f487",
                            "name": "internal",
                            "region": "RegionOne",
                            "shared": "false",
                            "tenant_id": "e4bc31fd8e804b358f4734eef25b3110"
                        },
                        "meta": {
                            "e2bfb730-ecaa-11e6-8f88-34363bc7c4c0": {
                                "create": 600000000000,
                                "delete": 600000000000
                            }
                        },
                        "tainted": false
                    },
                    "deposed": [],
                    "provider": "provider.openstack"
                },
                "openstack_networking_router_interface_v2.router_internal": {
                    "type": "openstack_networking_router_interface_v2",
                    "depends_on": [
                        "openstack_networking_router_v2.router",
                        "openstack_networking_subnet_v2.admin"
                    ],
                    "primary": {
                        "id": "15c88f08-bebb-43be-9c9b-b4b2852acd99",
                        "attributes": {
                            "id": "15c88f08-bebb-43be-9c9b-b4b2852acd99",
                            "port_id": "15c88f08-bebb-43be-9c9b-b4b2852acd99",
                            "region": "RegionOne",
                            "router_id": "4f5d801f-0434-4c47-bdd3-16c1d3098645",
                            "subnet_id": "485adf64-9cca-45ba-a07a-73b8f2866939"
                        },
                        "meta": {
                            "e2bfb730-ecaa-11e6-8f88-34363bc7c4c0": {
                                "create": 600000000000,
                                "delete": 600000000000
                            }
                        },
                        "tainted": false
                    },
                    "deposed": [],
                    "provider": "provider.openstack"
                },
                "openstack_networking_router_v2.router": {
                    "type": "openstack_networking_router_v2",
                    "depends_on": [],
                    "primary": {
                        "id": "4f5d801f-0434-4c47-bdd3-16c1d3098645",
                        "attributes": {
                            "admin_state_up": "true",
                            "availability_zone_hints.#": "0",
                            "distributed": "false",
                            "enable_snat": "true",
                            "external_fixed_ip.#": "1",
                            "external_fixed_ip.0.ip_address": "8.43.87.97",
                            "external_fixed_ip.0.subnet_id": "7913ade1-01e3-44fa-9863-91867c0d23ab",
                            "external_gateway": "1fd0a21e-e700-46ae-9f05-0b3164daafcc",
                            "external_network_id": "1fd0a21e-e700-46ae-9f05-0b3164daafcc",
                            "id": "4f5d801f-0434-4c47-bdd3-16c1d3098645",
                            "name": "router",
                            "region": "RegionOne",
                            "tenant_id": "e4bc31fd8e804b358f4734eef25b3110"
                        },
                        "meta": {
                            "e2bfb730-ecaa-11e6-8f88-34363bc7c4c0": {
                                "create": 600000000000,
                                "delete": 600000000000
                            }
                        },
                        "tainted": false
                    },
                    "deposed": [],
                    "provider": "provider.openstack"
                },
                "openstack_networking_secgroup_rule_v2.ping": {
                    "type": "openstack_networking_secgroup_rule_v2",
                    "depends_on": [
                        "openstack_networking_secgroup_v2.admin"
                    ],
                    "primary": {
                        "id": "ac126849-9ba7-40e0-bbe7-025186d744c7",
                        "attributes": {
                            "direction": "ingress",
                            "ethertype": "IPv4",
                            "id": "ac126849-9ba7-40e0-bbe7-025186d744c7",
                            "port_range_max": "0",
                            "port_range_min": "0",
                            "protocol": "icmp",
                            "region": "RegionOne",
                            "remote_group_id": "",
                            "remote_ip_prefix": "0.0.0.0/0",
                            "security_group_id": "0d1d2a6b-eaf1-4ad3-b0bc-8488d1eac7f7",
                            "tenant_id": "e4bc31fd8e804b358f4734eef25b3110"
                        },
                        "meta": {
                            "e2bfb730-ecaa-11e6-8f88-34363bc7c4c0": {
                                "delete": 600000000000
                            }
                        },
                        "tainted": false
                    },
                    "deposed": [],
                    "provider": "provider.openstack"
                },
                "openstack_networking_secgroup_rule_v2.ssh": {
                    "type": "openstack_networking_secgroup_rule_v2",
                    "depends_on": [
                        "openstack_networking_secgroup_v2.admin"
                    ],
                    "primary": {
                        "id": "bd3b4de5-8af9-464b-ac36-e592bb7b14e0",
                        "attributes": {
                            "direction": "ingress",
                            "ethertype": "IPv4",
                            "id": "bd3b4de5-8af9-464b-ac36-e592bb7b14e0",
                            "port_range_max": "22",
                            "port_range_min": "22",
                            "protocol": "tcp",
                            "region": "RegionOne",
                            "remote_group_id": "",
                            "remote_ip_prefix": "0.0.0.0/0",
                            "security_group_id": "0d1d2a6b-eaf1-4ad3-b0bc-8488d1eac7f7",
                            "tenant_id": "e4bc31fd8e804b358f4734eef25b3110"
                        },
                        "meta": {
                            "e2bfb730-ecaa-11e6-8f88-34363bc7c4c0": {
                                "delete": 600000000000
                            }
                        },
                        "tainted": false
                    },
                    "deposed": [],
                    "provider": "provider.openstack"
                },
                "openstack_networking_secgroup_v2.admin": {
                    "type": "openstack_networking_secgroup_v2",
                    "depends_on": [],
                    "primary": {
                        "id": "0d1d2a6b-eaf1-4ad3-b0bc-8488d1eac7f7",
                        "attributes": {
                            "description": "",
                            "id": "0d1d2a6b-eaf1-4ad3-b0bc-8488d1eac7f7",
                            "name": "admin",
                            "region": "RegionOne",
                            "tenant_id": "e4bc31fd8e804b358f4734eef25b3110"
                        },
                        "meta": {
                            "e2bfb730-ecaa-11e6-8f88-34363bc7c4c0": {
                                "delete": 600000000000
                            }
                        },
                        "tainted": false
                    },
                    "deposed": [],
                    "provider": "provider.openstack"
                },
                "openstack_networking_subnet_v2.admin": {
                    "type": "openstack_networking_subnet_v2",
                    "depends_on": [
                        "openstack_networking_network_v2.internal"
                    ],
                    "primary": {
                        "id": "485adf64-9cca-45ba-a07a-73b8f2866939",
                        "attributes": {
                            "allocation_pools.#": "1",
                            "allocation_pools.0.end": "10.10.10.254",
                            "allocation_pools.0.start": "10.10.10.2",
                            "cidr": "10.10.10.0/24",
                            "dns_nameservers.#": "1",
                            "dns_nameservers.0": "8.8.8.8",
                            "enable_dhcp": "true",
                            "gateway_ip": "10.10.10.1",
                            "host_routes.#": "0",
                            "id": "485adf64-9cca-45ba-a07a-73b8f2866939",
                            "ip_version": "4",
                            "ipv6_address_mode": "",
                            "ipv6_ra_mode": "",
                            "name": "admin",
                            "network_id": "96267948-a297-44d9-a161-39dc1eb2f487",
                            "no_gateway": "false",
                            "region": "RegionOne",
                            "subnetpool_id": "",
                            "tenant_id": "e4bc31fd8e804b358f4734eef25b3110"
                        },
                        "meta": {
                            "e2bfb730-ecaa-11e6-8f88-34363bc7c4c0": {
                                "create": 600000000000,
                                "delete": 600000000000
                            }
                        },
                        "tainted": false
                    },
                    "deposed": [],
                    "provider": "provider.openstack"
                }
            },
            "depends_on": []
        }
    ]
}
