{
    "version": 3,
    "terraform_version": "0.11.4",
    "serial": 3,
    "lineage": "389aeeaa-0367-483e-bbc6-e4863edcbb9b",
    "modules": [
        {
            "path": [
                "root"
            ],
            "outputs": {},
            "resources": {
                "openstack_compute_keypair_v2.snsakala": {
                    "type": "openstack_compute_keypair_v2",
                    "depends_on": [],
                    "primary": {
                        "id": "snsakala",
                        "attributes": {
                            "fingerprint": "dd:40:b0:58:03:52:9a:5c:ba:98:66:8f:8b:87:e2:fa",
                            "id": "snsakala",
                            "name": "snsakala",
                            "private_key": "",
                            "public_key": "ssh-rsa AAAAB3NzaC1yc2EAAAABJQAAAIBlF377o8DpYop4x9kDhFJ4lpHnzDpOUtKtI4QI5OTmvWX3cld0ga2N2opQUCGJuUbRWaVyhLKOBobJ5yfUc3wP1l9F5IAylDH2EDRKGiohA2vbK37k7Tv6kiQs/IfZ2DL11uYqHjfc72efak88NYzYi3Z3Jj+65EfnDFmTMB+Yow== Stephane Nsakala",
                            "region": "RegionOne"
                        },
                        "meta": {},
                        "tainted": false
                    },
                    "deposed": [],
                    "provider": "provider.openstack"
                },
                "openstack_networking_router_v2.router": {
                    "type": "openstack_networking_router_v2",
                    "depends_on": [],
                    "primary": {
                        "id": "d87ec452-5c47-4684-a73d-7878930bdca8",
                        "attributes": {
                            "admin_state_up": "true",
                            "availability_zone_hints.#": "0",
                            "distributed": "false",
                            "enable_snat": "true",
                            "external_fixed_ip.#": "1",
                            "external_fixed_ip.0.ip_address": "8.43.86.215",
                            "external_fixed_ip.0.subnet_id": "7913ade1-01e3-44fa-9863-91867c0d23ab",
                            "external_gateway": "1fd0a21e-e700-46ae-9f05-0b3164daafcc",
                            "external_network_id": "1fd0a21e-e700-46ae-9f05-0b3164daafcc",
                            "id": "d87ec452-5c47-4684-a73d-7878930bdca8",
                            "name": "router",
                            "region": "RegionOne",
                            "tenant_id": "e4bc31fd8e804b358f4734eef25b3110"
                        },
                        "meta": {},
                        "tainted": false
                    },
                    "deposed": [],
                    "provider": "provider.openstack"
                }
            },
            "depends_on": []
        }
    ]
}
